
Microsoft Visual Studio Solution File, Format Version 12.00
# Visual Studio Version 17
VisualStudioVersion = 17.4.33213.308
MinimumVisualStudioVersion = 10.0.40219.1
Project("{FAE04EC0-301F-11D3-BF4B-00C04F79EFBC}") = "WpfApp1", "WpfApp1\WpfApp1.csproj", "{4F1503A9-7FA0-46AC-B91F-71DFF9E2EA69}"
EndProject
Global
	GlobalSection(SolutionConfigurationPlatforms) = preSolution
		Debug|Any CPU = Debug|Any CPU
		Release|Any CPU = Release|Any CPU
	EndGlobalSection
	GlobalSection(ProjectConfigurationPlatforms) = postSolution
		{4F1503A9-7FA0-46AC-B91F-71DFF9E2EA69}.Debug|Any CPU.ActiveCfg = Debug|Any CPU
		{4F1503A9-7FA0-46AC-B91F-71DFF9E2EA69}.Debug|Any CPU.Build.0 = Debug|Any CPU
		{4F1503A9-7FA0-46AC-B91F-71DFF9E2EA69}.Release|Any CPU.ActiveCfg = Release|Any CPU
		{4F1503A9-7FA0-46AC-B91F-71DFF9E2EA69}.Release|Any CPU.Build.0 = Release|Any CPU
	EndGlobalSection
	GlobalSection(SolutionProperties) = preSolution
		HideSolutionNode = FALSE
	EndGlobalSection
	GlobalSection(ExtensibilityGlobals) = postSolution
		SolutionGuid = {626E335E-E869-4A29-9767-9030D908FC02}
	EndGlobalSection
EndGlobal
