
Microsoft Visual Studio Solution File, Format Version 12.00
# Visual Studio Version 17
VisualStudioVersion = 17.6.33723.286
MinimumVisualStudioVersion = 10.0.40219.1
Project("{FAE04EC0-301F-11D3-BF4B-00C04F79EFBC}") = "ConsoleApp1", "ConsoleApp1\ConsoleApp1.csproj", "{67AEE570-3F7C-40D2-9ED3-48A068BBAF5D}"
EndProject
Project("{FAE04EC0-301F-11D3-BF4B-00C04F79EFBC}") = "bai1", "bai1\bai1.csproj", "{92579876-ACC7-4207-B6A1-75180E3E3F52}"
EndProject
Project("{FAE04EC0-301F-11D3-BF4B-00C04F79EFBC}") = "bai2", "bai2\bai2.csproj", "{379C8936-813F-44D7-8B0F-EC64D9903E80}"
EndProject
Project("{FAE04EC0-301F-11D3-BF4B-00C04F79EFBC}") = "bai3", "bai3\bai3.csproj", "{05C77CD3-7D39-4238-AEC0-4BB18882E608}"
EndProject
Project("{FAE04EC0-301F-11D3-BF4B-00C04F79EFBC}") = "bai4", "bai4\bai4.csproj", "{9AFFA212-6965-4FC5-BC65-740C488C2F7C}"
EndProject
Global
	GlobalSection(SolutionConfigurationPlatforms) = preSolution
		Debug|Any CPU = Debug|Any CPU
		Release|Any CPU = Release|Any CPU
	EndGlobalSection
	GlobalSection(ProjectConfigurationPlatforms) = postSolution
		{67AEE570-3F7C-40D2-9ED3-48A068BBAF5D}.Debug|Any CPU.ActiveCfg = Debug|Any CPU
		{67AEE570-3F7C-40D2-9ED3-48A068BBAF5D}.Debug|Any CPU.Build.0 = Debug|Any CPU
		{67AEE570-3F7C-40D2-9ED3-48A068BBAF5D}.Release|Any CPU.ActiveCfg = Release|Any CPU
		{67AEE570-3F7C-40D2-9ED3-48A068BBAF5D}.Release|Any CPU.Build.0 = Release|Any CPU
		{92579876-ACC7-4207-B6A1-75180E3E3F52}.Debug|Any CPU.ActiveCfg = Debug|Any CPU
		{92579876-ACC7-4207-B6A1-75180E3E3F52}.Debug|Any CPU.Build.0 = Debug|Any CPU
		{92579876-ACC7-4207-B6A1-75180E3E3F52}.Release|Any CPU.ActiveCfg = Release|Any CPU
		{92579876-ACC7-4207-B6A1-75180E3E3F52}.Release|Any CPU.Build.0 = Release|Any CPU
		{379C8936-813F-44D7-8B0F-EC64D9903E80}.Debug|Any CPU.ActiveCfg = Debug|Any CPU
		{379C8936-813F-44D7-8B0F-EC64D9903E80}.Debug|Any CPU.Build.0 = Debug|Any CPU
		{379C8936-813F-44D7-8B0F-EC64D9903E80}.Release|Any CPU.ActiveCfg = Release|Any CPU
		{379C8936-813F-44D7-8B0F-EC64D9903E80}.Release|Any CPU.Build.0 = Release|Any CPU
		{05C77CD3-7D39-4238-AEC0-4BB18882E608}.Debug|Any CPU.ActiveCfg = Debug|Any CPU
		{05C77CD3-7D39-4238-AEC0-4BB18882E608}.Debug|Any CPU.Build.0 = Debug|Any CPU
		{05C77CD3-7D39-4238-AEC0-4BB18882E608}.Release|Any CPU.ActiveCfg = Release|Any CPU
		{05C77CD3-7D39-4238-AEC0-4BB18882E608}.Release|Any CPU.Build.0 = Release|Any CPU
		{9AFFA212-6965-4FC5-BC65-740C488C2F7C}.Debug|Any CPU.ActiveCfg = Debug|Any CPU
		{9AFFA212-6965-4FC5-BC65-740C488C2F7C}.Debug|Any CPU.Build.0 = Debug|Any CPU
		{9AFFA212-6965-4FC5-BC65-740C488C2F7C}.Release|Any CPU.ActiveCfg = Release|Any CPU
		{9AFFA212-6965-4FC5-BC65-740C488C2F7C}.Release|Any CPU.Build.0 = Release|Any CPU
	EndGlobalSection
	GlobalSection(SolutionProperties) = preSolution
		HideSolutionNode = FALSE
	EndGlobalSection
	GlobalSection(ExtensibilityGlobals) = postSolution
		SolutionGuid = {A30F2382-08A0-4562-9B62-A705084D3DF8}
	EndGlobalSection
EndGlobal
